// !$*UTF8*$!
{
	archiveVersion = 1;
	classes = {
	};
	objectVersion = 52;
	objects = {

/* Begin PBXBuildFile section */
		CC4B68022667670800682E7A /* DashboardDetails.swift in Sources */ = {isa = PBXBuildFile; fileRef = CC4B68012667670800682E7A /* DashboardDetails.swift */; };
		CC4B68072667D38A00682E7A /* Assets.xcassets in Resources */ = {isa = PBXBuildFile; fileRef = CCE18A4526663D2F00C0E4BD /* Assets.xcassets */; };
		CCB1CDE126674DB900E6F83A /* LoginView.swift in Sources */ = {isa = PBXBuildFile; fileRef = CCB1CDE026674DB900E6F83A /* LoginView.swift */; };
		CCB1CDE426674DF900E6F83A /* LoginResponse.swift in Sources */ = {isa = PBXBuildFile; fileRef = CCB1CDE326674DF900E6F83A /* LoginResponse.swift */; };
		CCB1CDE626674E2A00E6F83A /* UserSettings.swift in Sources */ = {isa = PBXBuildFile; fileRef = CCB1CDE526674E2A00E6F83A /* UserSettings.swift */; };
		CCB1CDE92667506500E6F83A /* CommonStrings.swift in Sources */ = {isa = PBXBuildFile; fileRef = CCB1CDE82667506500E6F83A /* CommonStrings.swift */; };
		CCB1CDEC2667565500E6F83A /* WorkspaceResponse.swift in Sources */ = {isa = PBXBuildFile; fileRef = CCB1CDEB2667565500E6F83A /* WorkspaceResponse.swift */; };
		CCB1CDEE2667569600E6F83A /* Logout.swift in Sources */ = {isa = PBXBuildFile; fileRef = CCB1CDED2667569600E6F83A /* Logout.swift */; };
		CCB1CDF0266756D400E6F83A /* DashboardView.swift in Sources */ = {isa = PBXBuildFile; fileRef = CCB1CDEF266756D400E6F83A /* DashboardView.swift */; };
		CCE18A4226663D2B00C0E4BD /* ICMMSApp.swift in Sources */ = {isa = PBXBuildFile; fileRef = CCE18A4126663D2B00C0E4BD /* ICMMSApp.swift */; };
		CCE18A4426663D2B00C0E4BD /* WorkspaceView.swift in Sources */ = {isa = PBXBuildFile; fileRef = CCE18A4326663D2B00C0E4BD /* WorkspaceView.swift */; };
		CCE18A5326663D8F00C0E4BD /* FirebaseMessaging in Frameworks */ = {isa = PBXBuildFile; productRef = CCE18A5226663D8F00C0E4BD /* FirebaseMessaging */; };
		CCE926A326689332000FD606 /* GoogleService-Info.plist in Resources */ = {isa = PBXBuildFile; fileRef = CCE926A226689332000FD606 /* GoogleService-Info.plist */; };
/* End PBXBuildFile section */

/* Begin PBXFileReference section */
		CC4B68012667670800682E7A /* DashboardDetails.swift */ = {isa = PBXFileReference; lastKnownFileType = sourcecode.swift; path = DashboardDetails.swift; sourceTree = "<group>"; };
		CCB1CDE026674DB900E6F83A /* LoginView.swift */ = {isa = PBXFileReference; lastKnownFileType = sourcecode.swift; path = LoginView.swift; sourceTree = "<group>"; };
		CCB1CDE326674DF900E6F83A /* LoginResponse.swift */ = {isa = PBXFileReference; lastKnownFileType = sourcecode.swift; path = LoginResponse.swift; sourceTree = "<group>"; };
		CCB1CDE526674E2A00E6F83A /* UserSettings.swift */ = {isa = PBXFileReference; lastKnownFileType = sourcecode.swift; path = UserSettings.swift; sourceTree = "<group>"; };
		CCB1CDE82667506500E6F83A /* CommonStrings.swift */ = {isa = PBXFileReference; lastKnownFileType = sourcecode.swift; path = CommonStrings.swift; sourceTree = "<group>"; };
		CCB1CDEB2667565500E6F83A /* WorkspaceResponse.swift */ = {isa = PBXFileReference; lastKnownFileType = sourcecode.swift; path = WorkspaceResponse.swift; sourceTree = "<group>"; };
		CCB1CDED2667569600E6F83A /* Logout.swift */ = {isa = PBXFileReference; lastKnownFileType = sourcecode.swift; path = Logout.swift; sourceTree = "<group>"; };
		CCB1CDEF266756D400E6F83A /* DashboardView.swift */ = {isa = PBXFileReference; lastKnownFileType = sourcecode.swift; path = DashboardView.swift; sourceTree = "<group>"; };
		CCB1CDF126675E1100E6F83A /* Info.plist */ = {isa = PBXFileReference; fileEncoding = 4; lastKnownFileType = text.plist.xml; name = Info.plist; path = /Users/tahreem/Documents/GitHub/ICMMS/ICMMS/Info.plist; sourceTree = "<absolute>"; };
		CCE18A3E26663D2B00C0E4BD /* ICMMS.app */ = {isa = PBXFileReference; explicitFileType = wrapper.application; includeInIndex = 0; path = ICMMS.app; sourceTree = BUILT_PRODUCTS_DIR; };
		CCE18A4126663D2B00C0E4BD /* ICMMSApp.swift */ = {isa = PBXFileReference; lastKnownFileType = sourcecode.swift; path = ICMMSApp.swift; sourceTree = "<group>"; };
		CCE18A4326663D2B00C0E4BD /* WorkspaceView.swift */ = {isa = PBXFileReference; lastKnownFileType = sourcecode.swift; path = WorkspaceView.swift; sourceTree = "<group>"; };
		CCE18A4526663D2F00C0E4BD /* Assets.xcassets */ = {isa = PBXFileReference; lastKnownFileType = folder.assetcatalog; path = Assets.xcassets; sourceTree = "<group>"; };
		CCE18A4826663D3000C0E4BD /* Preview Assets.xcassets */ = {isa = PBXFileReference; lastKnownFileType = folder.assetcatalog; path = "Preview Assets.xcassets"; sourceTree = "<group>"; };
		CCE9269C26688F9B000FD606 /* ICMMS.entitlements */ = {isa = PBXFileReference; fileEncoding = 4; lastKnownFileType = text.plist.entitlements; path = ICMMS.entitlements; sourceTree = SOURCE_ROOT; };
		CCE926A226689332000FD606 /* GoogleService-Info.plist */ = {isa = PBXFileReference; lastKnownFileType = text.plist; path = "GoogleService-Info.plist"; sourceTree = SOURCE_ROOT; };
/* End PBXFileReference section */

/* Begin PBXFrameworksBuildPhase section */
		CCE18A3B26663D2B00C0E4BD /* Frameworks */ = {
			isa = PBXFrameworksBuildPhase;
			buildActionMask = 2147483647;
			files = (
				CCE18A5326663D8F00C0E4BD /* FirebaseMessaging in Frameworks */,
			);
			runOnlyForDeploymentPostprocessing = 0;
		};
/* End PBXFrameworksBuildPhase section */

/* Begin PBXGroup section */
		CCB1CDDF26674DA700E6F83A /* Login */ = {
			isa = PBXGroup;
			children = (
				CCE18A4326663D2B00C0E4BD /* WorkspaceView.swift */,
				CCB1CDE026674DB900E6F83A /* LoginView.swift */,
				CCB1CDEF266756D400E6F83A /* DashboardView.swift */,
				CC4B68012667670800682E7A /* DashboardDetails.swift */,
			);
			path = Login;
			sourceTree = "<group>";
		};
		CCB1CDE226674DEC00E6F83A /* Model */ = {
			isa = PBXGroup;
			children = (
				CCB1CDE326674DF900E6F83A /* LoginResponse.swift */,
				CCB1CDEB2667565500E6F83A /* WorkspaceResponse.swift */,
			);
			path = Model;
			sourceTree = "<group>";
		};
		CCB1CDE72667505500E6F83A /* General */ = {
			isa = PBXGroup;
			children = (
				CCB1CDE526674E2A00E6F83A /* UserSettings.swift */,
				CCB1CDE82667506500E6F83A /* CommonStrings.swift */,
				CCB1CDED2667569600E6F83A /* Logout.swift */,
			);
			path = General;
			sourceTree = "<group>";
		};
		CCB1CDEA2667516500E6F83A /* Others */ = {
			isa = PBXGroup;
			children = (
				CCE18A4526663D2F00C0E4BD /* Assets.xcassets */,
			);
			path = Others;
			sourceTree = "<group>";
		};
		CCE18A3526663D2B00C0E4BD = {
			isa = PBXGroup;
			children = (
				CCE18A4026663D2B00C0E4BD /* ICMMS */,
				CCE18A3F26663D2B00C0E4BD /* Products */,
			);
			sourceTree = "<group>";
		};
		CCE18A3F26663D2B00C0E4BD /* Products */ = {
			isa = PBXGroup;
			children = (
				CCE18A3E26663D2B00C0E4BD /* ICMMS.app */,
			);
			name = Products;
			sourceTree = "<group>";
		};
		CCE18A4026663D2B00C0E4BD /* ICMMS */ = {
			isa = PBXGroup;
			children = (
				CCE926A226689332000FD606 /* GoogleService-Info.plist */,
				CCE9269C26688F9B000FD606 /* ICMMS.entitlements */,
				CCB1CDF126675E1100E6F83A /* Info.plist */,
				CCE18A4126663D2B00C0E4BD /* ICMMSApp.swift */,
				CCB1CDEA2667516500E6F83A /* Others */,
				CCB1CDE72667505500E6F83A /* General */,
				CCB1CDE226674DEC00E6F83A /* Model */,
				CCB1CDDF26674DA700E6F83A /* Login */,
				CCE18A4726663D3000C0E4BD /* Preview Content */,
			);
			path = ICMMS;
			sourceTree = "<group>";
		};
		CCE18A4726663D3000C0E4BD /* Preview Content */ = {
			isa = PBXGroup;
			children = (
				CCE18A4826663D3000C0E4BD /* Preview Assets.xcassets */,
			);
			path = "Preview Content";
			sourceTree = "<group>";
		};
/* End PBXGroup section */

/* Begin PBXNativeTarget section */
		CCE18A3D26663D2B00C0E4BD /* ICMMS */ = {
			isa = PBXNativeTarget;
			buildConfigurationList = CCE18A4D26663D3000C0E4BD /* Build configuration list for PBXNativeTarget "ICMMS" */;
			buildPhases = (
				CCE18A3A26663D2B00C0E4BD /* Sources */,
				CCE18A3B26663D2B00C0E4BD /* Frameworks */,
				CCE18A3C26663D2B00C0E4BD /* Resources */,
			);
			buildRules = (
			);
			dependencies = (
			);
			name = ICMMS;
			packageProductDependencies = (
				CCE18A5226663D8F00C0E4BD /* FirebaseMessaging */,
			);
			productName = ICMMS;
			productReference = CCE18A3E26663D2B00C0E4BD /* ICMMS.app */;
			productType = "com.apple.product-type.application";
		};
/* End PBXNativeTarget section */

/* Begin PBXProject section */
		CCE18A3626663D2B00C0E4BD /* Project object */ = {
			isa = PBXProject;
			attributes = {
				LastSwiftUpdateCheck = 1240;
				LastUpgradeCheck = 1240;
				TargetAttributes = {
					CCE18A3D26663D2B00C0E4BD = {
						CreatedOnToolsVersion = 12.4;
					};
				};
			};
			buildConfigurationList = CCE18A3926663D2B00C0E4BD /* Build configuration list for PBXProject "ICMMS" */;
			compatibilityVersion = "Xcode 9.3";
			developmentRegion = en;
			hasScannedForEncodings = 0;
			knownRegions = (
				en,
				Base,
			);
			mainGroup = CCE18A3526663D2B00C0E4BD;
			packageReferences = (
				CCE18A5126663D8F00C0E4BD /* XCRemoteSwiftPackageReference "firebase-ios-sdk" */,
			);
			productRefGroup = CCE18A3F26663D2B00C0E4BD /* Products */;
			projectDirPath = "";
			projectRoot = "";
			targets = (
				CCE18A3D26663D2B00C0E4BD /* ICMMS */,
			);
		};
/* End PBXProject section */

/* Begin PBXResourcesBuildPhase section */
		CCE18A3C26663D2B00C0E4BD /* Resources */ = {
			isa = PBXResourcesBuildPhase;
			buildActionMask = 2147483647;
			files = (
				CC4B68072667D38A00682E7A /* Assets.xcassets in Resources */,
				CCE926A326689332000FD606 /* GoogleService-Info.plist in Resources */,
			);
			runOnlyForDeploymentPostprocessing = 0;
		};
/* End PBXResourcesBuildPhase section */

/* Begin PBXSourcesBuildPhase section */
		CCE18A3A26663D2B00C0E4BD /* Sources */ = {
			isa = PBXSourcesBuildPhase;
			buildActionMask = 2147483647;
			files = (
				CCB1CDE126674DB900E6F83A /* LoginView.swift in Sources */,
				CC4B68022667670800682E7A /* DashboardDetails.swift in Sources */,
				CCB1CDEE2667569600E6F83A /* Logout.swift in Sources */,
				CCE18A4426663D2B00C0E4BD /* WorkspaceView.swift in Sources */,
				CCB1CDE426674DF900E6F83A /* LoginResponse.swift in Sources */,
				CCB1CDF0266756D400E6F83A /* DashboardView.swift in Sources */,
				CCB1CDE626674E2A00E6F83A /* UserSettings.swift in Sources */,
				CCE18A4226663D2B00C0E4BD /* ICMMSApp.swift in Sources */,
				CCB1CDEC2667565500E6F83A /* WorkspaceResponse.swift in Sources */,
				CCB1CDE92667506500E6F83A /* CommonStrings.swift in Sources */,
			);
			runOnlyForDeploymentPostprocessing = 0;
		};
/* End PBXSourcesBuildPhase section */

/* Begin XCBuildConfiguration section */
		CCE18A4B26663D3000C0E4BD /* Debug */ = {
			isa = XCBuildConfiguration;
			buildSettings = {
				ALWAYS_SEARCH_USER_PATHS = NO;
				CLANG_ANALYZER_NONNULL = YES;
				CLANG_ANALYZER_NUMBER_OBJECT_CONVERSION = YES_AGGRESSIVE;
				CLANG_CXX_LANGUAGE_STANDARD = "gnu++14";
				CLANG_CXX_LIBRARY = "libc++";
				CLANG_ENABLE_MODULES = YES;
				CLANG_ENABLE_OBJC_ARC = YES;
				CLANG_ENABLE_OBJC_WEAK = YES;
				CLANG_WARN_BLOCK_CAPTURE_AUTORELEASING = YES;
				CLANG_WARN_BOOL_CONVERSION = YES;
				CLANG_WARN_COMMA = YES;
				CLANG_WARN_CONSTANT_CONVERSION = YES;
				CLANG_WARN_DEPRECATED_OBJC_IMPLEMENTATIONS = YES;
				CLANG_WARN_DIRECT_OBJC_ISA_USAGE = YES_ERROR;
				CLANG_WARN_DOCUMENTATION_COMMENTS = YES;
				CLANG_WARN_EMPTY_BODY = YES;
				CLANG_WARN_ENUM_CONVERSION = YES;
				CLANG_WARN_INFINITE_RECURSION = YES;
				CLANG_WARN_INT_CONVERSION = YES;
				CLANG_WARN_NON_LITERAL_NULL_CONVERSION = YES;
				CLANG_WARN_OBJC_IMPLICIT_RETAIN_SELF = YES;
				CLANG_WARN_OBJC_LITERAL_CONVERSION = YES;
				CLANG_WARN_OBJC_ROOT_CLASS = YES_ERROR;
				CLANG_WARN_QUOTED_INCLUDE_IN_FRAMEWORK_HEADER = YES;
				CLANG_WARN_RANGE_LOOP_ANALYSIS = YES;
				CLANG_WARN_STRICT_PROTOTYPES = YES;
				CLANG_WARN_SUSPICIOUS_MOVE = YES;
				CLANG_WARN_UNGUARDED_AVAILABILITY = YES_AGGRESSIVE;
				CLANG_WARN_UNREACHABLE_CODE = YES;
				CLANG_WARN__DUPLICATE_METHOD_MATCH = YES;
				COPY_PHASE_STRIP = NO;
				DEBUG_INFORMATION_FORMAT = dwarf;
				ENABLE_STRICT_OBJC_MSGSEND = YES;
				ENABLE_TESTABILITY = YES;
				GCC_C_LANGUAGE_STANDARD = gnu11;
				GCC_DYNAMIC_NO_PIC = NO;
				GCC_NO_COMMON_BLOCKS = YES;
				GCC_OPTIMIZATION_LEVEL = 0;
				GCC_PREPROCESSOR_DEFINITIONS = (
					"DEBUG=1",
					"$(inherited)",
				);
				GCC_WARN_64_TO_32_BIT_CONVERSION = YES;
				GCC_WARN_ABOUT_RETURN_TYPE = YES_ERROR;
				GCC_WARN_UNDECLARED_SELECTOR = YES;
				GCC_WARN_UNINITIALIZED_AUTOS = YES_AGGRESSIVE;
				GCC_WARN_UNUSED_FUNCTION = YES;
				GCC_WARN_UNUSED_VARIABLE = YES;
				IPHONEOS_DEPLOYMENT_TARGET = 14.4;
				MTL_ENABLE_DEBUG_INFO = INCLUDE_SOURCE;
				MTL_FAST_MATH = YES;
				ONLY_ACTIVE_ARCH = YES;
				SDKROOT = iphoneos;
				SWIFT_ACTIVE_COMPILATION_CONDITIONS = DEBUG;
				SWIFT_OPTIMIZATION_LEVEL = "-Onone";
			};
			name = Debug;
		};
		CCE18A4C26663D3000C0E4BD /* Release */ = {
			isa = XCBuildConfiguration;
			buildSettings = {
				ALWAYS_SEARCH_USER_PATHS = NO;
				CLANG_ANALYZER_NONNULL = YES;
				CLANG_ANALYZER_NUMBER_OBJECT_CONVERSION = YES_AGGRESSIVE;
				CLANG_CXX_LANGUAGE_STANDARD = "gnu++14";
				CLANG_CXX_LIBRARY = "libc++";
				CLANG_ENABLE_MODULES = YES;
				CLANG_ENABLE_OBJC_ARC = YES;
				CLANG_ENABLE_OBJC_WEAK = YES;
				CLANG_WARN_BLOCK_CAPTURE_AUTORELEASING = YES;
				CLANG_WARN_BOOL_CONVERSION = YES;
				CLANG_WARN_COMMA = YES;
				CLANG_WARN_CONSTANT_CONVERSION = YES;
				CLANG_WARN_DEPRECATED_OBJC_IMPLEMENTATIONS = YES;
				CLANG_WARN_DIRECT_OBJC_ISA_USAGE = YES_ERROR;
				CLANG_WARN_DOCUMENTATION_COMMENTS = YES;
				CLANG_WARN_EMPTY_BODY = YES;
				CLANG_WARN_ENUM_CONVERSION = YES;
				CLANG_WARN_INFINITE_RECURSION = YES;
				CLANG_WARN_INT_CONVERSION = YES;
				CLANG_WARN_NON_LITERAL_NULL_CONVERSION = YES;
				CLANG_WARN_OBJC_IMPLICIT_RETAIN_SELF = YES;
				CLANG_WARN_OBJC_LITERAL_CONVERSION = YES;
				CLANG_WARN_OBJC_ROOT_CLASS = YES_ERROR;
				CLANG_WARN_QUOTED_INCLUDE_IN_FRAMEWORK_HEADER = YES;
				CLANG_WARN_RANGE_LOOP_ANALYSIS = YES;
				CLANG_WARN_STRICT_PROTOTYPES = YES;
				CLANG_WARN_SUSPICIOUS_MOVE = YES;
				CLANG_WARN_UNGUARDED_AVAILABILITY = YES_AGGRESSIVE;
				CLANG_WARN_UNREACHABLE_CODE = YES;
				CLANG_WARN__DUPLICATE_METHOD_MATCH = YES;
				COPY_PHASE_STRIP = NO;
				DEBUG_INFORMATION_FORMAT = "dwarf-with-dsym";
				ENABLE_NS_ASSERTIONS = NO;
				ENABLE_STRICT_OBJC_MSGSEND = YES;
				GCC_C_LANGUAGE_STANDARD = gnu11;
				GCC_NO_COMMON_BLOCKS = YES;
				GCC_WARN_64_TO_32_BIT_CONVERSION = YES;
				GCC_WARN_ABOUT_RETURN_TYPE = YES_ERROR;
				GCC_WARN_UNDECLARED_SELECTOR = YES;
				GCC_WARN_UNINITIALIZED_AUTOS = YES_AGGRESSIVE;
				GCC_WARN_UNUSED_FUNCTION = YES;
				GCC_WARN_UNUSED_VARIABLE = YES;
				IPHONEOS_DEPLOYMENT_TARGET = 14.4;
				MTL_ENABLE_DEBUG_INFO = NO;
				MTL_FAST_MATH = YES;
				SDKROOT = iphoneos;
				SWIFT_COMPILATION_MODE = wholemodule;
				SWIFT_OPTIMIZATION_LEVEL = "-O";
				VALIDATE_PRODUCT = YES;
			};
			name = Release;
		};
		CCE18A4E26663D3000C0E4BD /* Debug */ = {
			isa = XCBuildConfiguration;
			buildSettings = {
				ASSETCATALOG_COMPILER_APPICON_NAME = AppIcon;
				ASSETCATALOG_COMPILER_GLOBAL_ACCENT_COLOR_NAME = AccentColor;
				CODE_SIGN_ENTITLEMENTS = /Users/tahreem/Documents/GitHub/ICMMS/ICMMS.entitlements;
				CODE_SIGN_IDENTITY = "Apple Development";
				CODE_SIGN_INJECT_BASE_ENTITLEMENTS = YES;
				CODE_SIGN_STYLE = Automatic;
				DEVELOPMENT_ASSET_PATHS = "\"ICMMS/Preview Content\"";
				DEVELOPMENT_TEAM = K7A2554X83;
				ENABLE_PREVIEWS = YES;
				INFOPLIST_FILE = ICMMS/Info.plist;
				IPHONEOS_DEPLOYMENT_TARGET = 14.0;
				LD_RUNPATH_SEARCH_PATHS = (
					"$(inherited)",
					"@executable_path/Frameworks",
				);
				PRODUCT_BUNDLE_IDENTIFIER = com.tahreem.ICMMS;
				PRODUCT_NAME = "$(TARGET_NAME)";
				SWIFT_VERSION = 5.0;
				TARGETED_DEVICE_FAMILY = 1;
			};
			name = Debug;
		};
		CCE18A4F26663D3000C0E4BD /* Release */ = {
			isa = XCBuildConfiguration;
			buildSettings = {
				ASSETCATALOG_COMPILER_APPICON_NAME = AppIcon;
				ASSETCATALOG_COMPILER_GLOBAL_ACCENT_COLOR_NAME = AccentColor;
				CODE_SIGN_ENTITLEMENTS = /Users/tahreem/Documents/GitHub/ICMMS/ICMMS.entitlements;
				CODE_SIGN_IDENTITY = "Apple Development";
				CODE_SIGN_INJECT_BASE_ENTITLEMENTS = YES;
				CODE_SIGN_STYLE = Automatic;
				DEVELOPMENT_ASSET_PATHS = "\"ICMMS/Preview Content\"";
				DEVELOPMENT_TEAM = K7A2554X83;
				ENABLE_PREVIEWS = YES;
				INFOPLIST_FILE = ICMMS/Info.plist;
				IPHONEOS_DEPLOYMENT_TARGET = 14.0;
				LD_RUNPATH_SEARCH_PATHS = (
					"$(inherited)",
					"@executable_path/Frameworks",
				);
				PRODUCT_BUNDLE_IDENTIFIER = com.tahreem.ICMMS;
				PRODUCT_NAME = "$(TARGET_NAME)";
				SWIFT_VERSION = 5.0;
				TARGETED_DEVICE_FAMILY = 1;
			};
			name = Release;
		};
/* End XCBuildConfiguration section */

/* Begin XCConfigurationList section */
		CCE18A3926663D2B00C0E4BD /* Build configuration list for PBXProject "ICMMS" */ = {
			isa = XCConfigurationList;
			buildConfigurations = (
				CCE18A4B26663D3000C0E4BD /* Debug */,
				CCE18A4C26663D3000C0E4BD /* Release */,
			);
			defaultConfigurationIsVisible = 0;
			defaultConfigurationName = Release;
		};
		CCE18A4D26663D3000C0E4BD /* Build configuration list for PBXNativeTarget "ICMMS" */ = {
			isa = XCConfigurationList;
			buildConfigurations = (
				CCE18A4E26663D3000C0E4BD /* Debug */,
				CCE18A4F26663D3000C0E4BD /* Release */,
			);
			defaultConfigurationIsVisible = 0;
			defaultConfigurationName = Release;
		};
/* End XCConfigurationList section */

/* Begin XCRemoteSwiftPackageReference section */
		CCE18A5126663D8F00C0E4BD /* XCRemoteSwiftPackageReference "firebase-ios-sdk" */ = {
			isa = XCRemoteSwiftPackageReference;
			repositoryURL = "https://github.com/firebase/firebase-ios-sdk.git";
			requirement = {
				kind = upToNextMajorVersion;
				minimumVersion = 8.0.0;
			};
		};
/* End XCRemoteSwiftPackageReference section */

/* Begin XCSwiftPackageProductDependency section */
		CCE18A5226663D8F00C0E4BD /* FirebaseMessaging */ = {
			isa = XCSwiftPackageProductDependency;
			package = CCE18A5126663D8F00C0E4BD /* XCRemoteSwiftPackageReference "firebase-ios-sdk" */;
			productName = FirebaseMessaging;
		};
/* End XCSwiftPackageProductDependency section */
	};
	rootObject = CCE18A3626663D2B00C0E4BD /* Project object */;
}
